
Microsoft Visual Studio Solution File, Format Version 12.00
# Visual Studio Version 17
VisualStudioVersion = 17.3.32929.385
MinimumVisualStudioVersion = 10.0.40219.1
Project("{9A19103F-16F7-4668-BE54-9A1E7A4F7556}") = "VRCOSCMediaController", "VRCOSCMediaController.csproj", "{8CF1CE73-9241-458A-AD00-DE30D4B5BB7D}"
EndProject
Global
	GlobalSection(SolutionConfigurationPlatforms) = preSolution
		Debug|Any CPU = Debug|Any CPU
		Release|Any CPU = Release|Any CPU
	EndGlobalSection
	GlobalSection(ProjectConfigurationPlatforms) = postSolution
		{8CF1CE73-9241-458A-AD00-DE30D4B5BB7D}.Debug|Any CPU.ActiveCfg = Debug|Any CPU
		{8CF1CE73-9241-458A-AD00-DE30D4B5BB7D}.Debug|Any CPU.Build.0 = Debug|Any CPU
		{8CF1CE73-9241-458A-AD00-DE30D4B5BB7D}.Release|Any CPU.ActiveCfg = Release|Any CPU
		{8CF1CE73-9241-458A-AD00-DE30D4B5BB7D}.Release|Any CPU.Build.0 = Release|Any CPU
	EndGlobalSection
	GlobalSection(SolutionProperties) = preSolution
		HideSolutionNode = FALSE
	EndGlobalSection
	GlobalSection(ExtensibilityGlobals) = postSolution
		SolutionGuid = {4CFD500A-051A-4725-923E-DF0405CB4190}
	EndGlobalSection
EndGlobal
